{
  "nodes": {
    "crane": {
      "inputs": {
        "nixpkgs": "nixpkgs_2"
      },
      "locked": {
        "lastModified": 1714842444,
        "narHash": "sha256-z4HeSYtEdYxKurrbxCMb8v/I1LYDHR/aFrZtGtgUgHw=",
        "owner": "ipetkov",
        "repo": "crane",
        "rev": "c5ee4371eea1728ef04bb09c79577c84d5e67a48",
        "type": "github"
      },
      "original": {
        "owner": "ipetkov",
        "ref": "v0.16.6",
        "repo": "crane",
        "type": "github"
      }
    },
    "nixpkgs": {
      "locked": {
        "lastModified": 1696541930,
        "narHash": "sha256-vFoVz++/01+aIp3Mw5AMNR8xvqXO4iY+iiTFt9s+1pc=",
        "owner": "NixOS",
        "repo": "nixpkgs",
        "rev": "35502f30abc1b59a793926212f5dfcd907cd1fe6",
        "type": "github"
      },
      "original": {
        "owner": "NixOS",
        "ref": "master",
        "repo": "nixpkgs",
        "type": "github"
      }
    },
    "nixpkgs-stable": {
      "locked": {
        "lastModified": 1715542476,
        "narHash": "sha256-FF593AtlzQqa8JpzrXyRws4CeKbc5W86o8tHt4nRfIg=",
        "owner": "NixOS",
        "repo": "nixpkgs",
        "rev": "44072e24566c5bcc0b7aa9178a0104f4cfffab19",
        "type": "github"
      },
      "original": {
        "id": "nixpkgs",
        "ref": "nixos-23.11",
        "type": "indirect"
      }
    },
    "nixpkgs_2": {
      "locked": {
        "lastModified": 1714656196,
        "narHash": "sha256-kjQkA98lMcsom6Gbhw8SYzmwrSo+2nruiTcTZp5jK7o=",
        "owner": "NixOS",
        "repo": "nixpkgs",
        "rev": "94035b482d181af0a0f8f77823a790b256b7c3cc",
        "type": "github"
      },
      "original": {
        "owner": "NixOS",
        "ref": "nixpkgs-unstable",
        "repo": "nixpkgs",
        "type": "github"
      }
    },
    "nixpkgs_3": {
      "locked": {
        "lastModified": 1730785428,
        "narHash": "sha256-Zwl8YgTVJTEum+L+0zVAWvXAGbWAuXHax3KzuejaDyo=",
        "owner": "NixOS",
        "repo": "nixpkgs",
        "rev": "4aa36568d413aca0ea84a1684d2d46f55dbabad7",
        "type": "github"
      },
      "original": {
        "id": "nixpkgs",
        "ref": "nixos-unstable",
        "type": "indirect"
      }
    },
    "nixpkgs_4": {
      "locked": {
        "lastModified": 1728538411,
        "narHash": "sha256-f0SBJz1eZ2yOuKUr5CA9BHULGXVSn6miBuUWdTyhUhU=",
        "owner": "NixOS",
        "repo": "nixpkgs",
        "rev": "b69de56fac8c2b6f8fd27f2eca01dcda8e0a4221",
        "type": "github"
      },
      "original": {
        "owner": "NixOS",
        "ref": "nixpkgs-unstable",
        "repo": "nixpkgs",
        "type": "github"
      }
    },
    "oven": {
      "inputs": {
        "crane": "crane",
        "nixpkgs": "nixpkgs_3",
        "nixpkgs-stable": "nixpkgs-stable",
        "oxalica-rust": "oxalica-rust"
      },
      "locked": {
        "lastModified": 1731674696,
        "narHash": "sha256-Tx7CnHdpyrw3BY/MDjKZPLn4GPpvn9QTnOkD2Mf8984=",
        "owner": "noql-net",
        "repo": "oven",
        "rev": "d7a11832a042158523fd2e0d0665f086b2417f6d",
        "type": "github"
      },
      "original": {
        "owner": "noql-net",
        "repo": "oven",
        "rev": "d7a11832a042158523fd2e0d0665f086b2417f6d",
        "type": "github"
      }
    },
    "oxalica-rust": {
      "inputs": {
        "nixpkgs": "nixpkgs_4"
      },
      "locked": {
        "lastModified": 1731119076,
        "narHash": "sha256-2eVhmocCZHJlFAz6Mt3EwPdFFVAtGgIySJc1EHQVxcc=",
        "owner": "oxalica",
        "repo": "rust-overlay",
        "rev": "23c4b3ba5f806fcf25d5a3b6b54fa0d07854c032",
        "type": "github"
      },
      "original": {
        "owner": "oxalica",
        "repo": "rust-overlay",
        "type": "github"
      }
    },
    "root": {
      "inputs": {
        "nixpkgs": "nixpkgs",
        "oven": "oven"
      }
    }
  },
  "root": "root",
  "version": 7
}
